
Microsoft Visual Studio Solution File, Format Version 12.00
# Visual Studio Version 17
VisualStudioVersion = 17.5.002.0
MinimumVisualStudioVersion = 10.0.40219.1
Project("{9A19103F-16F7-4668-BE54-9A1E7A4F7556}") = "EFGetStarted", "EFGetStarted.csproj", "{AA776C27-4FE3-402C-B531-EC36BDF7D406}"
EndProject
Global
	GlobalSection(SolutionConfigurationPlatforms) = preSolution
		Debug|Any CPU = Debug|Any CPU
		Release|Any CPU = Release|Any CPU
	EndGlobalSection
	GlobalSection(ProjectConfigurationPlatforms) = postSolution
		{AA776C27-4FE3-402C-B531-EC36BDF7D406}.Debug|Any CPU.ActiveCfg = Debug|Any CPU
		{AA776C27-4FE3-402C-B531-EC36BDF7D406}.Debug|Any CPU.Build.0 = Debug|Any CPU
		{AA776C27-4FE3-402C-B531-EC36BDF7D406}.Release|Any CPU.ActiveCfg = Release|Any CPU
		{AA776C27-4FE3-402C-B531-EC36BDF7D406}.Release|Any CPU.Build.0 = Release|Any CPU
	EndGlobalSection
	GlobalSection(SolutionProperties) = preSolution
		HideSolutionNode = FALSE
	EndGlobalSection
	GlobalSection(ExtensibilityGlobals) = postSolution
		SolutionGuid = {5EE776A9-C583-468C-80BA-5BB23125A4AD}
	EndGlobalSection
EndGlobal
